// !$*UTF8*$!
{
	archiveVersion = 1;
	classes = {
	};
	objectVersion = 55;
	objects = {

/* Begin PBXBuildFile section */
		054E5795D4F98B7603D6C8B6 /* Pods_ToDo_Lists.framework in Frameworks */ = {isa = PBXBuildFile; fileRef = D553305F11D95BD710489362 /* Pods_ToDo_Lists.framework */; };
		06D42A912C31D24068312189 /* Pods_ToDo_Lists_ToDo_ListsUITests.framework in Frameworks */ = {isa = PBXBuildFile; fileRef = 45DFDE33D442541B7E396DB0 /* Pods_ToDo_Lists_ToDo_ListsUITests.framework */; };
		1B39CDB29836CEB43DACBE8A /* Pods_ToDo_ListsTests.framework in Frameworks */ = {isa = PBXBuildFile; fileRef = BEA6786161134664F24568C9 /* Pods_ToDo_ListsTests.framework */; };
		9F01F3E2275CFA39000370F1 /* TodoStorage.swift in Sources */ = {isa = PBXBuildFile; fileRef = 9F01F3E1275CFA39000370F1 /* TodoStorage.swift */; };
		9F2C8D342757C3330099CCE7 /* TodosModel.xcdatamodeld in Sources */ = {isa = PBXBuildFile; fileRef = 9F2C8D322757C3330099CCE7 /* TodosModel.xcdatamodeld */; };
		9F3929C4275D2B5D006F906B /* MyAlertViewController.swift in Sources */ = {isa = PBXBuildFile; fileRef = 9F3929C3275D2B5D006F906B /* MyAlertViewController.swift */; };
		9FD78955275514A3000ABCFF /* AddNewViewController.swift in Sources */ = {isa = PBXBuildFile; fileRef = 9FD78954275514A3000ABCFF /* AddNewViewController.swift */; };
		9FEAADF8275412CE007F404B /* AppDelegate.swift in Sources */ = {isa = PBXBuildFile; fileRef = 9FEAADF7275412CE007F404B /* AppDelegate.swift */; };
		9FEAADFA275412CE007F404B /* SceneDelegate.swift in Sources */ = {isa = PBXBuildFile; fileRef = 9FEAADF9275412CE007F404B /* SceneDelegate.swift */; };
		9FEAADFF275412CE007F404B /* Main.storyboard in Resources */ = {isa = PBXBuildFile; fileRef = 9FEAADFD275412CE007F404B /* Main.storyboard */; };
		9FEAAE01275412CF007F404B /* Assets.xcassets in Resources */ = {isa = PBXBuildFile; fileRef = 9FEAAE00275412CF007F404B /* Assets.xcassets */; };
		9FEAAE04275412CF007F404B /* LaunchScreen.storyboard in Resources */ = {isa = PBXBuildFile; fileRef = 9FEAAE02275412CF007F404B /* LaunchScreen.storyboard */; };
		9FEAAE28275412FC007F404B /* ToDoViewController.swift in Sources */ = {isa = PBXBuildFile; fileRef = 9FEAAE27275412FC007F404B /* ToDoViewController.swift */; };
		9FEAAE2A27541558007F404B /* ToDoViewCell.swift in Sources */ = {isa = PBXBuildFile; fileRef = 9FEAAE2927541558007F404B /* ToDoViewCell.swift */; };
		9FEAAE2C27541817007F404B /* Todo.swift in Sources */ = {isa = PBXBuildFile; fileRef = 9FEAAE2B27541817007F404B /* Todo.swift */; };
		9FEAAE2E27541E05007F404B /* DetailsViewController.swift in Sources */ = {isa = PBXBuildFile; fileRef = 9FEAAE2D27541E05007F404B /* DetailsViewController.swift */; };
/* End PBXBuildFile section */

/* Begin PBXContainerItemProxy section */
		9FEAAE0B275412CF007F404B /* PBXContainerItemProxy */ = {
			isa = PBXContainerItemProxy;
			containerPortal = 9FEAADEC275412CE007F404B /* Project object */;
			proxyType = 1;
			remoteGlobalIDString = 9FEAADF3275412CE007F404B;
			remoteInfo = "ToDo Lists";
		};
		9FEAAE15275412CF007F404B /* PBXContainerItemProxy */ = {
			isa = PBXContainerItemProxy;
			containerPortal = 9FEAADEC275412CE007F404B /* Project object */;
			proxyType = 1;
			remoteGlobalIDString = 9FEAADF3275412CE007F404B;
			remoteInfo = "ToDo Lists";
		};
/* End PBXContainerItemProxy section */

/* Begin PBXFileReference section */
		2F4530D7FA34121DAB5CB72C /* Pods-ToDo Lists-ToDo ListsUITests.debug.xcconfig */ = {isa = PBXFileReference; includeInIndex = 1; lastKnownFileType = text.xcconfig; name = "Pods-ToDo Lists-ToDo ListsUITests.debug.xcconfig"; path = "Target Support Files/Pods-ToDo Lists-ToDo ListsUITests/Pods-ToDo Lists-ToDo ListsUITests.debug.xcconfig"; sourceTree = "<group>"; };
		45DFDE33D442541B7E396DB0 /* Pods_ToDo_Lists_ToDo_ListsUITests.framework */ = {isa = PBXFileReference; explicitFileType = wrapper.framework; includeInIndex = 0; path = Pods_ToDo_Lists_ToDo_ListsUITests.framework; sourceTree = BUILT_PRODUCTS_DIR; };
		53EA9BF283CC5FC287C8B150 /* Pods-ToDo Lists-ToDo ListsUITests.release.xcconfig */ = {isa = PBXFileReference; includeInIndex = 1; lastKnownFileType = text.xcconfig; name = "Pods-ToDo Lists-ToDo ListsUITests.release.xcconfig"; path = "Target Support Files/Pods-ToDo Lists-ToDo ListsUITests/Pods-ToDo Lists-ToDo ListsUITests.release.xcconfig"; sourceTree = "<group>"; };
		61E170028BB9517B94E18915 /* Pods-ToDo ListsTests.debug.xcconfig */ = {isa = PBXFileReference; includeInIndex = 1; lastKnownFileType = text.xcconfig; name = "Pods-ToDo ListsTests.debug.xcconfig"; path = "Target Support Files/Pods-ToDo ListsTests/Pods-ToDo ListsTests.debug.xcconfig"; sourceTree = "<group>"; };
		6972D088F739EB9BA83105F9 /* Pods-ToDo Lists.debug.xcconfig */ = {isa = PBXFileReference; includeInIndex = 1; lastKnownFileType = text.xcconfig; name = "Pods-ToDo Lists.debug.xcconfig"; path = "Target Support Files/Pods-ToDo Lists/Pods-ToDo Lists.debug.xcconfig"; sourceTree = "<group>"; };
		9F01F3E1275CFA39000370F1 /* TodoStorage.swift */ = {isa = PBXFileReference; lastKnownFileType = sourcecode.swift; path = TodoStorage.swift; sourceTree = "<group>"; };
		9F2C8D332757C3330099CCE7 /* TodosModel.xcdatamodel */ = {isa = PBXFileReference; lastKnownFileType = wrapper.xcdatamodel; path = TodosModel.xcdatamodel; sourceTree = "<group>"; };
		9F3929C3275D2B5D006F906B /* MyAlertViewController.swift */ = {isa = PBXFileReference; lastKnownFileType = sourcecode.swift; path = MyAlertViewController.swift; sourceTree = "<group>"; };
		9FD78954275514A3000ABCFF /* AddNewViewController.swift */ = {isa = PBXFileReference; lastKnownFileType = sourcecode.swift; path = AddNewViewController.swift; sourceTree = "<group>"; };
		9FEAADF4275412CE007F404B /* ToDo Lists.app */ = {isa = PBXFileReference; explicitFileType = wrapper.application; includeInIndex = 0; path = "ToDo Lists.app"; sourceTree = BUILT_PRODUCTS_DIR; };
		9FEAADF7275412CE007F404B /* AppDelegate.swift */ = {isa = PBXFileReference; lastKnownFileType = sourcecode.swift; path = AppDelegate.swift; sourceTree = "<group>"; };
		9FEAADF9275412CE007F404B /* SceneDelegate.swift */ = {isa = PBXFileReference; lastKnownFileType = sourcecode.swift; path = SceneDelegate.swift; sourceTree = "<group>"; };
		9FEAADFE275412CE007F404B /* Base */ = {isa = PBXFileReference; lastKnownFileType = file.storyboard; name = Base; path = Base.lproj/Main.storyboard; sourceTree = "<group>"; };
		9FEAAE00275412CF007F404B /* Assets.xcassets */ = {isa = PBXFileReference; lastKnownFileType = folder.assetcatalog; path = Assets.xcassets; sourceTree = "<group>"; };
		9FEAAE03275412CF007F404B /* Base */ = {isa = PBXFileReference; lastKnownFileType = file.storyboard; name = Base; path = Base.lproj/LaunchScreen.storyboard; sourceTree = "<group>"; };
		9FEAAE05275412CF007F404B /* Info.plist */ = {isa = PBXFileReference; lastKnownFileType = text.plist.xml; path = Info.plist; sourceTree = "<group>"; };
		9FEAAE0A275412CF007F404B /* ToDo ListsTests.xctest */ = {isa = PBXFileReference; explicitFileType = wrapper.cfbundle; includeInIndex = 0; path = "ToDo ListsTests.xctest"; sourceTree = BUILT_PRODUCTS_DIR; };
		9FEAAE14275412CF007F404B /* ToDo ListsUITests.xctest */ = {isa = PBXFileReference; explicitFileType = wrapper.cfbundle; includeInIndex = 0; path = "ToDo ListsUITests.xctest"; sourceTree = BUILT_PRODUCTS_DIR; };
		9FEAAE27275412FC007F404B /* ToDoViewController.swift */ = {isa = PBXFileReference; lastKnownFileType = sourcecode.swift; path = ToDoViewController.swift; sourceTree = "<group>"; };
		9FEAAE2927541558007F404B /* ToDoViewCell.swift */ = {isa = PBXFileReference; lastKnownFileType = sourcecode.swift; path = ToDoViewCell.swift; sourceTree = "<group>"; };
		9FEAAE2B27541817007F404B /* Todo.swift */ = {isa = PBXFileReference; lastKnownFileType = sourcecode.swift; path = Todo.swift; sourceTree = "<group>"; };
		9FEAAE2D27541E05007F404B /* DetailsViewController.swift */ = {isa = PBXFileReference; lastKnownFileType = sourcecode.swift; path = DetailsViewController.swift; sourceTree = "<group>"; };
		A05E27E090B7FF8AE1BF7E20 /* Pods-ToDo ListsTests.release.xcconfig */ = {isa = PBXFileReference; includeInIndex = 1; lastKnownFileType = text.xcconfig; name = "Pods-ToDo ListsTests.release.xcconfig"; path = "Target Support Files/Pods-ToDo ListsTests/Pods-ToDo ListsTests.release.xcconfig"; sourceTree = "<group>"; };
		BEA6786161134664F24568C9 /* Pods_ToDo_ListsTests.framework */ = {isa = PBXFileReference; explicitFileType = wrapper.framework; includeInIndex = 0; path = Pods_ToDo_ListsTests.framework; sourceTree = BUILT_PRODUCTS_DIR; };
		D553305F11D95BD710489362 /* Pods_ToDo_Lists.framework */ = {isa = PBXFileReference; explicitFileType = wrapper.framework; includeInIndex = 0; path = Pods_ToDo_Lists.framework; sourceTree = BUILT_PRODUCTS_DIR; };
		FF4E51C22B67115A2846BE0C /* Pods-ToDo Lists.release.xcconfig */ = {isa = PBXFileReference; includeInIndex = 1; lastKnownFileType = text.xcconfig; name = "Pods-ToDo Lists.release.xcconfig"; path = "Target Support Files/Pods-ToDo Lists/Pods-ToDo Lists.release.xcconfig"; sourceTree = "<group>"; };
/* End PBXFileReference section */

/* Begin PBXFrameworksBuildPhase section */
		9FEAADF1275412CE007F404B /* Frameworks */ = {
			isa = PBXFrameworksBuildPhase;
			buildActionMask = 2147483647;
			files = (
				054E5795D4F98B7603D6C8B6 /* Pods_ToDo_Lists.framework in Frameworks */,
			);
			runOnlyForDeploymentPostprocessing = 0;
		};
		9FEAAE07275412CF007F404B /* Frameworks */ = {
			isa = PBXFrameworksBuildPhase;
			buildActionMask = 2147483647;
			files = (
				1B39CDB29836CEB43DACBE8A /* Pods_ToDo_ListsTests.framework in Frameworks */,
			);
			runOnlyForDeploymentPostprocessing = 0;
		};
		9FEAAE11275412CF007F404B /* Frameworks */ = {
			isa = PBXFrameworksBuildPhase;
			buildActionMask = 2147483647;
			files = (
				06D42A912C31D24068312189 /* Pods_ToDo_Lists_ToDo_ListsUITests.framework in Frameworks */,
			);
			runOnlyForDeploymentPostprocessing = 0;
		};
/* End PBXFrameworksBuildPhase section */

/* Begin PBXGroup section */
		9F01F3DD275CF877000370F1 /* ViewController */ = {
			isa = PBXGroup;
			children = (
				9FD78954275514A3000ABCFF /* AddNewViewController.swift */,
				9FEAAE2D27541E05007F404B /* DetailsViewController.swift */,
				9FEAAE27275412FC007F404B /* ToDoViewController.swift */,
			);
			path = ViewController;
			sourceTree = "<group>";
		};
		9F01F3DE275CF8D6000370F1 /* Views */ = {
			isa = PBXGroup;
			children = (
				9FEAADFD275412CE007F404B /* Main.storyboard */,
				9FEAAE2927541558007F404B /* ToDoViewCell.swift */,
				9F3929C3275D2B5D006F906B /* MyAlertViewController.swift */,
			);
			path = Views;
			sourceTree = "<group>";
		};
		9F01F3DF275CF8FE000370F1 /* Models */ = {
			isa = PBXGroup;
			children = (
				9FEAAE2B27541817007F404B /* Todo.swift */,
			);
			path = Models;
			sourceTree = "<group>";
		};
		9F01F3E0275CF9FE000370F1 /* Storage */ = {
			isa = PBXGroup;
			children = (
				9F01F3E1275CFA39000370F1 /* TodoStorage.swift */,
			);
			path = Storage;
			sourceTree = "<group>";
		};
		9FEAADEB275412CE007F404B = {
			isa = PBXGroup;
			children = (
				9FEAADF6275412CE007F404B /* ToDo Lists */,
				9FEAADF5275412CE007F404B /* Products */,
				D96313600A8D53E2AF7B88CB /* Pods */,
				F982F451FB8F5C98F29C508D /* Frameworks */,
			);
			sourceTree = "<group>";
		};
		9FEAADF5275412CE007F404B /* Products */ = {
			isa = PBXGroup;
			children = (
				9FEAADF4275412CE007F404B /* ToDo Lists.app */,
				9FEAAE0A275412CF007F404B /* ToDo ListsTests.xctest */,
				9FEAAE14275412CF007F404B /* ToDo ListsUITests.xctest */,
			);
			name = Products;
			sourceTree = "<group>";
		};
		9FEAADF6275412CE007F404B /* ToDo Lists */ = {
			isa = PBXGroup;
			children = (
				9F01F3E0275CF9FE000370F1 /* Storage */,
				9FEAADF7275412CE007F404B /* AppDelegate.swift */,
				9F2C8D322757C3330099CCE7 /* TodosModel.xcdatamodeld */,
				9FEAADF9275412CE007F404B /* SceneDelegate.swift */,
				9F01F3DF275CF8FE000370F1 /* Models */,
				9F01F3DE275CF8D6000370F1 /* Views */,
				9F01F3DD275CF877000370F1 /* ViewController */,
				9FEAAE00275412CF007F404B /* Assets.xcassets */,
				9FEAAE02275412CF007F404B /* LaunchScreen.storyboard */,
				9FEAAE05275412CF007F404B /* Info.plist */,
			);
			path = "ToDo Lists";
			sourceTree = "<group>";
		};
		D96313600A8D53E2AF7B88CB /* Pods */ = {
			isa = PBXGroup;
			children = (
				6972D088F739EB9BA83105F9 /* Pods-ToDo Lists.debug.xcconfig */,
				FF4E51C22B67115A2846BE0C /* Pods-ToDo Lists.release.xcconfig */,
				2F4530D7FA34121DAB5CB72C /* Pods-ToDo Lists-ToDo ListsUITests.debug.xcconfig */,
				53EA9BF283CC5FC287C8B150 /* Pods-ToDo Lists-ToDo ListsUITests.release.xcconfig */,
				61E170028BB9517B94E18915 /* Pods-ToDo ListsTests.debug.xcconfig */,
				A05E27E090B7FF8AE1BF7E20 /* Pods-ToDo ListsTests.release.xcconfig */,
			);
			path = Pods;
			sourceTree = "<group>";
		};
		F982F451FB8F5C98F29C508D /* Frameworks */ = {
			isa = PBXGroup;
			children = (
				D553305F11D95BD710489362 /* Pods_ToDo_Lists.framework */,
				45DFDE33D442541B7E396DB0 /* Pods_ToDo_Lists_ToDo_ListsUITests.framework */,
				BEA6786161134664F24568C9 /* Pods_ToDo_ListsTests.framework */,
			);
			name = Frameworks;
			sourceTree = "<group>";
		};
/* End PBXGroup section */

/* Begin PBXNativeTarget section */
		9FEAADF3275412CE007F404B /* ToDo Lists */ = {
			isa = PBXNativeTarget;
			buildConfigurationList = 9FEAAE1E275412CF007F404B /* Build configuration list for PBXNativeTarget "ToDo Lists" */;
			buildPhases = (
				954188B74490E164BBB229F2 /* [CP] Check Pods Manifest.lock */,
				9FEAADF0275412CE007F404B /* Sources */,
				9FEAADF1275412CE007F404B /* Frameworks */,
				9FEAADF2275412CE007F404B /* Resources */,
				D1CA26ACD7482E685E192F54 /* [CP] Embed Pods Frameworks */,
			);
			buildRules = (
			);
			dependencies = (
			);
			name = "ToDo Lists";
			productName = "ToDo Lists";
			productReference = 9FEAADF4275412CE007F404B /* ToDo Lists.app */;
			productType = "com.apple.product-type.application";
		};
		9FEAAE09275412CF007F404B /* ToDo ListsTests */ = {
			isa = PBXNativeTarget;
			buildConfigurationList = 9FEAAE21275412CF007F404B /* Build configuration list for PBXNativeTarget "ToDo ListsTests" */;
			buildPhases = (
				96B31AD13FE407CC52E8C210 /* [CP] Check Pods Manifest.lock */,
				9FEAAE06275412CF007F404B /* Sources */,
				9FEAAE07275412CF007F404B /* Frameworks */,
				9FEAAE08275412CF007F404B /* Resources */,
			);
			buildRules = (
			);
			dependencies = (
				9FEAAE0C275412CF007F404B /* PBXTargetDependency */,
			);
			name = "ToDo ListsTests";
			productName = "ToDo ListsTests";
			productReference = 9FEAAE0A275412CF007F404B /* ToDo ListsTests.xctest */;
			productType = "com.apple.product-type.bundle.unit-test";
		};
		9FEAAE13275412CF007F404B /* ToDo ListsUITests */ = {
			isa = PBXNativeTarget;
			buildConfigurationList = 9FEAAE24275412CF007F404B /* Build configuration list for PBXNativeTarget "ToDo ListsUITests" */;
			buildPhases = (
				9741186C184DC3936D3416DD /* [CP] Check Pods Manifest.lock */,
				9FEAAE10275412CF007F404B /* Sources */,
				9FEAAE11275412CF007F404B /* Frameworks */,
				9FEAAE12275412CF007F404B /* Resources */,
				9B1F62385F1FAED05111AC77 /* [CP] Embed Pods Frameworks */,
			);
			buildRules = (
			);
			dependencies = (
				9FEAAE16275412CF007F404B /* PBXTargetDependency */,
			);
			name = "ToDo ListsUITests";
			productName = "ToDo ListsUITests";
			productReference = 9FEAAE14275412CF007F404B /* ToDo ListsUITests.xctest */;
			productType = "com.apple.product-type.bundle.ui-testing";
		};
/* End PBXNativeTarget section */

/* Begin PBXProject section */
		9FEAADEC275412CE007F404B /* Project object */ = {
			isa = PBXProject;
			attributes = {
				BuildIndependentTargetsInParallel = 1;
				LastSwiftUpdateCheck = 1310;
				LastUpgradeCheck = 1310;
				TargetAttributes = {
					9FEAADF3275412CE007F404B = {
						CreatedOnToolsVersion = 13.1;
					};
					9FEAAE09275412CF007F404B = {
						CreatedOnToolsVersion = 13.1;
						TestTargetID = 9FEAADF3275412CE007F404B;
					};
					9FEAAE13275412CF007F404B = {
						CreatedOnToolsVersion = 13.1;
						TestTargetID = 9FEAADF3275412CE007F404B;
					};
				};
			};
			buildConfigurationList = 9FEAADEF275412CE007F404B /* Build configuration list for PBXProject "ToDo Lists" */;
			compatibilityVersion = "Xcode 13.0";
			developmentRegion = en;
			hasScannedForEncodings = 0;
			knownRegions = (
				en,
				Base,
			);
			mainGroup = 9FEAADEB275412CE007F404B;
			productRefGroup = 9FEAADF5275412CE007F404B /* Products */;
			projectDirPath = "";
			projectRoot = "";
			targets = (
				9FEAADF3275412CE007F404B /* ToDo Lists */,
				9FEAAE09275412CF007F404B /* ToDo ListsTests */,
				9FEAAE13275412CF007F404B /* ToDo ListsUITests */,
			);
		};
/* End PBXProject section */

/* Begin PBXResourcesBuildPhase section */
		9FEAADF2275412CE007F404B /* Resources */ = {
			isa = PBXResourcesBuildPhase;
			buildActionMask = 2147483647;
			files = (
				9FEAAE04275412CF007F404B /* LaunchScreen.storyboard in Resources */,
				9FEAAE01275412CF007F404B /* Assets.xcassets in Resources */,
				9FEAADFF275412CE007F404B /* Main.storyboard in Resources */,
			);
			runOnlyForDeploymentPostprocessing = 0;
		};
		9FEAAE08275412CF007F404B /* Resources */ = {
			isa = PBXResourcesBuildPhase;
			buildActionMask = 2147483647;
			files = (
			);
			runOnlyForDeploymentPostprocessing = 0;
		};
		9FEAAE12275412CF007F404B /* Resources */ = {
			isa = PBXResourcesBuildPhase;
			buildActionMask = 2147483647;
			files = (
			);
			runOnlyForDeploymentPostprocessing = 0;
		};
/* End PBXResourcesBuildPhase section */

/* Begin PBXShellScriptBuildPhase section */
		954188B74490E164BBB229F2 /* [CP] Check Pods Manifest.lock */ = {
			isa = PBXShellScriptBuildPhase;
			buildActionMask = 2147483647;
			files = (
			);
			inputFileListPaths = (
			);
			inputPaths = (
				"${PODS_PODFILE_DIR_PATH}/Podfile.lock",
				"${PODS_ROOT}/Manifest.lock",
			);
			name = "[CP] Check Pods Manifest.lock";
			outputFileListPaths = (
			);
			outputPaths = (
				"$(DERIVED_FILE_DIR)/Pods-ToDo Lists-checkManifestLockResult.txt",
			);
			runOnlyForDeploymentPostprocessing = 0;
			shellPath = /bin/sh;
			shellScript = "diff \"${PODS_PODFILE_DIR_PATH}/Podfile.lock\" \"${PODS_ROOT}/Manifest.lock\" > /dev/null\nif [ $? != 0 ] ; then\n    # print error to STDERR\n    echo \"error: The sandbox is not in sync with the Podfile.lock. Run 'pod install' or update your CocoaPods installation.\" >&2\n    exit 1\nfi\n# This output is used by Xcode 'outputs' to avoid re-running this script phase.\necho \"SUCCESS\" > \"${SCRIPT_OUTPUT_FILE_0}\"\n";
			showEnvVarsInLog = 0;
		};
		96B31AD13FE407CC52E8C210 /* [CP] Check Pods Manifest.lock */ = {
			isa = PBXShellScriptBuildPhase;
			buildActionMask = 2147483647;
			files = (
			);
			inputFileListPaths = (
			);
			inputPaths = (
				"${PODS_PODFILE_DIR_PATH}/Podfile.lock",
				"${PODS_ROOT}/Manifest.lock",
			);
			name = "[CP] Check Pods Manifest.lock";
			outputFileListPaths = (
			);
			outputPaths = (
				"$(DERIVED_FILE_DIR)/Pods-ToDo ListsTests-checkManifestLockResult.txt",
			);
			runOnlyForDeploymentPostprocessing = 0;
			shellPath = /bin/sh;
			shellScript = "diff \"${PODS_PODFILE_DIR_PATH}/Podfile.lock\" \"${PODS_ROOT}/Manifest.lock\" > /dev/null\nif [ $? != 0 ] ; then\n    # print error to STDERR\n    echo \"error: The sandbox is not in sync with the Podfile.lock. Run 'pod install' or update your CocoaPods installation.\" >&2\n    exit 1\nfi\n# This output is used by Xcode 'outputs' to avoid re-running this script phase.\necho \"SUCCESS\" > \"${SCRIPT_OUTPUT_FILE_0}\"\n";
			showEnvVarsInLog = 0;
		};
		9741186C184DC3936D3416DD /* [CP] Check Pods Manifest.lock */ = {
			isa = PBXShellScriptBuildPhase;
			buildActionMask = 2147483647;
			files = (
			);
			inputFileListPaths = (
			);
			inputPaths = (
				"${PODS_PODFILE_DIR_PATH}/Podfile.lock",
				"${PODS_ROOT}/Manifest.lock",
			);
			name = "[CP] Check Pods Manifest.lock";
			outputFileListPaths = (
			);
			outputPaths = (
				"$(DERIVED_FILE_DIR)/Pods-ToDo Lists-ToDo ListsUITests-checkManifestLockResult.txt",
			);
			runOnlyForDeploymentPostprocessing = 0;
			shellPath = /bin/sh;
			shellScript = "diff \"${PODS_PODFILE_DIR_PATH}/Podfile.lock\" \"${PODS_ROOT}/Manifest.lock\" > /dev/null\nif [ $? != 0 ] ; then\n    # print error to STDERR\n    echo \"error: The sandbox is not in sync with the Podfile.lock. Run 'pod install' or update your CocoaPods installation.\" >&2\n    exit 1\nfi\n# This output is used by Xcode 'outputs' to avoid re-running this script phase.\necho \"SUCCESS\" > \"${SCRIPT_OUTPUT_FILE_0}\"\n";
			showEnvVarsInLog = 0;
		};
		9B1F62385F1FAED05111AC77 /* [CP] Embed Pods Frameworks */ = {
			isa = PBXShellScriptBuildPhase;
			buildActionMask = 2147483647;
			files = (
			);
			inputFileListPaths = (
				"${PODS_ROOT}/Target Support Files/Pods-ToDo Lists-ToDo ListsUITests/Pods-ToDo Lists-ToDo ListsUITests-frameworks-${CONFIGURATION}-input-files.xcfilelist",
			);
			name = "[CP] Embed Pods Frameworks";
			outputFileListPaths = (
				"${PODS_ROOT}/Target Support Files/Pods-ToDo Lists-ToDo ListsUITests/Pods-ToDo Lists-ToDo ListsUITests-frameworks-${CONFIGURATION}-output-files.xcfilelist",
			);
			runOnlyForDeploymentPostprocessing = 0;
			shellPath = /bin/sh;
			shellScript = "\"${PODS_ROOT}/Target Support Files/Pods-ToDo Lists-ToDo ListsUITests/Pods-ToDo Lists-ToDo ListsUITests-frameworks.sh\"\n";
			showEnvVarsInLog = 0;
		};
		D1CA26ACD7482E685E192F54 /* [CP] Embed Pods Frameworks */ = {
			isa = PBXShellScriptBuildPhase;
			buildActionMask = 2147483647;
			files = (
			);
			inputFileListPaths = (
				"${PODS_ROOT}/Target Support Files/Pods-ToDo Lists/Pods-ToDo Lists-frameworks-${CONFIGURATION}-input-files.xcfilelist",
			);
			name = "[CP] Embed Pods Frameworks";
			outputFileListPaths = (
				"${PODS_ROOT}/Target Support Files/Pods-ToDo Lists/Pods-ToDo Lists-frameworks-${CONFIGURATION}-output-files.xcfilelist",
			);
			runOnlyForDeploymentPostprocessing = 0;
			shellPath = /bin/sh;
			shellScript = "\"${PODS_ROOT}/Target Support Files/Pods-ToDo Lists/Pods-ToDo Lists-frameworks.sh\"\n";
			showEnvVarsInLog = 0;
		};
/* End PBXShellScriptBuildPhase section */

/* Begin PBXSourcesBuildPhase section */
		9FEAADF0275412CE007F404B /* Sources */ = {
			isa = PBXSourcesBuildPhase;
			buildActionMask = 2147483647;
			files = (
				9FEAADF8275412CE007F404B /* AppDelegate.swift in Sources */,
				9F3929C4275D2B5D006F906B /* MyAlertViewController.swift in Sources */,
				9F2C8D342757C3330099CCE7 /* TodosModel.xcdatamodeld in Sources */,
				9FEAAE28275412FC007F404B /* ToDoViewController.swift in Sources */,
				9F01F3E2275CFA39000370F1 /* TodoStorage.swift in Sources */,
				9FEAAE2A27541558007F404B /* ToDoViewCell.swift in Sources */,
				9FEAADFA275412CE007F404B /* SceneDelegate.swift in Sources */,
				9FEAAE2C27541817007F404B /* Todo.swift in Sources */,
				9FD78955275514A3000ABCFF /* AddNewViewController.swift in Sources */,
				9FEAAE2E27541E05007F404B /* DetailsViewController.swift in Sources */,
			);
			runOnlyForDeploymentPostprocessing = 0;
		};
		9FEAAE06275412CF007F404B /* Sources */ = {
			isa = PBXSourcesBuildPhase;
			buildActionMask = 2147483647;
			files = (
			);
			runOnlyForDeploymentPostprocessing = 0;
		};
		9FEAAE10275412CF007F404B /* Sources */ = {
			isa = PBXSourcesBuildPhase;
			buildActionMask = 2147483647;
			files = (
			);
			runOnlyForDeploymentPostprocessing = 0;
		};
/* End PBXSourcesBuildPhase section */

/* Begin PBXTargetDependency section */
		9FEAAE0C275412CF007F404B /* PBXTargetDependency */ = {
			isa = PBXTargetDependency;
			target = 9FEAADF3275412CE007F404B /* ToDo Lists */;
			targetProxy = 9FEAAE0B275412CF007F404B /* PBXContainerItemProxy */;
		};
		9FEAAE16275412CF007F404B /* PBXTargetDependency */ = {
			isa = PBXTargetDependency;
			target = 9FEAADF3275412CE007F404B /* ToDo Lists */;
			targetProxy = 9FEAAE15275412CF007F404B /* PBXContainerItemProxy */;
		};
/* End PBXTargetDependency section */

/* Begin PBXVariantGroup section */
		9FEAADFD275412CE007F404B /* Main.storyboard */ = {
			isa = PBXVariantGroup;
			children = (
				9FEAADFE275412CE007F404B /* Base */,
			);
			name = Main.storyboard;
			sourceTree = "<group>";
		};
		9FEAAE02275412CF007F404B /* LaunchScreen.storyboard */ = {
			isa = PBXVariantGroup;
			children = (
				9FEAAE03275412CF007F404B /* Base */,
			);
			name = LaunchScreen.storyboard;
			sourceTree = "<group>";
		};
/* End PBXVariantGroup section */

/* Begin XCBuildConfiguration section */
		9FEAAE1C275412CF007F404B /* Debug */ = {
			isa = XCBuildConfiguration;
			buildSettings = {
				ALWAYS_SEARCH_USER_PATHS = NO;
				CLANG_ANALYZER_NONNULL = YES;
				CLANG_ANALYZER_NUMBER_OBJECT_CONVERSION = YES_AGGRESSIVE;
				CLANG_CXX_LANGUAGE_STANDARD = "gnu++17";
				CLANG_CXX_LIBRARY = "libc++";
				CLANG_ENABLE_MODULES = YES;
				CLANG_ENABLE_OBJC_ARC = YES;
				CLANG_ENABLE_OBJC_WEAK = YES;
				CLANG_WARN_BLOCK_CAPTURE_AUTORELEASING = YES;
				CLANG_WARN_BOOL_CONVERSION = YES;
				CLANG_WARN_COMMA = YES;
				CLANG_WARN_CONSTANT_CONVERSION = YES;
				CLANG_WARN_DEPRECATED_OBJC_IMPLEMENTATIONS = YES;
				CLANG_WARN_DIRECT_OBJC_ISA_USAGE = YES_ERROR;
				CLANG_WARN_DOCUMENTATION_COMMENTS = YES;
				CLANG_WARN_EMPTY_BODY = YES;
				CLANG_WARN_ENUM_CONVERSION = YES;
				CLANG_WARN_INFINITE_RECURSION = YES;
				CLANG_WARN_INT_CONVERSION = YES;
				CLANG_WARN_NON_LITERAL_NULL_CONVERSION = YES;
				CLANG_WARN_OBJC_IMPLICIT_RETAIN_SELF = YES;
				CLANG_WARN_OBJC_LITERAL_CONVERSION = YES;
				CLANG_WARN_OBJC_ROOT_CLASS = YES_ERROR;
				CLANG_WARN_QUOTED_INCLUDE_IN_FRAMEWORK_HEADER = YES;
				CLANG_WARN_RANGE_LOOP_ANALYSIS = YES;
				CLANG_WARN_STRICT_PROTOTYPES = YES;
				CLANG_WARN_SUSPICIOUS_MOVE = YES;
				CLANG_WARN_UNGUARDED_AVAILABILITY = YES_AGGRESSIVE;
				CLANG_WARN_UNREACHABLE_CODE = YES;
				CLANG_WARN__DUPLICATE_METHOD_MATCH = YES;
				COPY_PHASE_STRIP = NO;
				DEBUG_INFORMATION_FORMAT = dwarf;
				ENABLE_STRICT_OBJC_MSGSEND = YES;
				ENABLE_TESTABILITY = YES;
				GCC_C_LANGUAGE_STANDARD = gnu11;
				GCC_DYNAMIC_NO_PIC = NO;
				GCC_NO_COMMON_BLOCKS = YES;
				GCC_OPTIMIZATION_LEVEL = 0;
				GCC_PREPROCESSOR_DEFINITIONS = (
					"DEBUG=1",
					"$(inherited)",
				);
				GCC_WARN_64_TO_32_BIT_CONVERSION = YES;
				GCC_WARN_ABOUT_RETURN_TYPE = YES_ERROR;
				GCC_WARN_UNDECLARED_SELECTOR = YES;
				GCC_WARN_UNINITIALIZED_AUTOS = YES_AGGRESSIVE;
				GCC_WARN_UNUSED_FUNCTION = YES;
				GCC_WARN_UNUSED_VARIABLE = YES;
				IPHONEOS_DEPLOYMENT_TARGET = 15.0;
				MTL_ENABLE_DEBUG_INFO = INCLUDE_SOURCE;
				MTL_FAST_MATH = YES;
				ONLY_ACTIVE_ARCH = YES;
				SDKROOT = iphoneos;
				SWIFT_ACTIVE_COMPILATION_CONDITIONS = DEBUG;
				SWIFT_OPTIMIZATION_LEVEL = "-Onone";
			};
			name = Debug;
		};
		9FEAAE1D275412CF007F404B /* Release */ = {
			isa = XCBuildConfiguration;
			buildSettings = {
				ALWAYS_SEARCH_USER_PATHS = NO;
				CLANG_ANALYZER_NONNULL = YES;
				CLANG_ANALYZER_NUMBER_OBJECT_CONVERSION = YES_AGGRESSIVE;
				CLANG_CXX_LANGUAGE_STANDARD = "gnu++17";
				CLANG_CXX_LIBRARY = "libc++";
				CLANG_ENABLE_MODULES = YES;
				CLANG_ENABLE_OBJC_ARC = YES;
				CLANG_ENABLE_OBJC_WEAK = YES;
				CLANG_WARN_BLOCK_CAPTURE_AUTORELEASING = YES;
				CLANG_WARN_BOOL_CONVERSION = YES;
				CLANG_WARN_COMMA = YES;
				CLANG_WARN_CONSTANT_CONVERSION = YES;
				CLANG_WARN_DEPRECATED_OBJC_IMPLEMENTATIONS = YES;
				CLANG_WARN_DIRECT_OBJC_ISA_USAGE = YES_ERROR;
				CLANG_WARN_DOCUMENTATION_COMMENTS = YES;
				CLANG_WARN_EMPTY_BODY = YES;
				CLANG_WARN_ENUM_CONVERSION = YES;
				CLANG_WARN_INFINITE_RECURSION = YES;
				CLANG_WARN_INT_CONVERSION = YES;
				CLANG_WARN_NON_LITERAL_NULL_CONVERSION = YES;
				CLANG_WARN_OBJC_IMPLICIT_RETAIN_SELF = YES;
				CLANG_WARN_OBJC_LITERAL_CONVERSION = YES;
				CLANG_WARN_OBJC_ROOT_CLASS = YES_ERROR;
				CLANG_WARN_QUOTED_INCLUDE_IN_FRAMEWORK_HEADER = YES;
				CLANG_WARN_RANGE_LOOP_ANALYSIS = YES;
				CLANG_WARN_STRICT_PROTOTYPES = YES;
				CLANG_WARN_SUSPICIOUS_MOVE = YES;
				CLANG_WARN_UNGUARDED_AVAILABILITY = YES_AGGRESSIVE;
				CLANG_WARN_UNREACHABLE_CODE = YES;
				CLANG_WARN__DUPLICATE_METHOD_MATCH = YES;
				COPY_PHASE_STRIP = NO;
				DEBUG_INFORMATION_FORMAT = "dwarf-with-dsym";
				ENABLE_NS_ASSERTIONS = NO;
				ENABLE_STRICT_OBJC_MSGSEND = YES;
				GCC_C_LANGUAGE_STANDARD = gnu11;
				GCC_NO_COMMON_BLOCKS = YES;
				GCC_WARN_64_TO_32_BIT_CONVERSION = YES;
				GCC_WARN_ABOUT_RETURN_TYPE = YES_ERROR;
				GCC_WARN_UNDECLARED_SELECTOR = YES;
				GCC_WARN_UNINITIALIZED_AUTOS = YES_AGGRESSIVE;
				GCC_WARN_UNUSED_FUNCTION = YES;
				GCC_WARN_UNUSED_VARIABLE = YES;
				IPHONEOS_DEPLOYMENT_TARGET = 15.0;
				MTL_ENABLE_DEBUG_INFO = NO;
				MTL_FAST_MATH = YES;
				SDKROOT = iphoneos;
				SWIFT_COMPILATION_MODE = wholemodule;
				SWIFT_OPTIMIZATION_LEVEL = "-O";
				VALIDATE_PRODUCT = YES;
			};
			name = Release;
		};
		9FEAAE1F275412CF007F404B /* Debug */ = {
			isa = XCBuildConfiguration;
			baseConfigurationReference = 6972D088F739EB9BA83105F9 /* Pods-ToDo Lists.debug.xcconfig */;
			buildSettings = {
				ASSETCATALOG_COMPILER_APPICON_NAME = AppIcon;
				ASSETCATALOG_COMPILER_GLOBAL_ACCENT_COLOR_NAME = AccentColor;
				CODE_SIGN_STYLE = Automatic;
				CURRENT_PROJECT_VERSION = 1;
				GENERATE_INFOPLIST_FILE = YES;
				INFOPLIST_FILE = "ToDo Lists/Info.plist";
				INFOPLIST_KEY_UIApplicationSupportsIndirectInputEvents = YES;
				INFOPLIST_KEY_UILaunchStoryboardName = LaunchScreen;
				INFOPLIST_KEY_UIMainStoryboardFile = Main;
				INFOPLIST_KEY_UISupportedInterfaceOrientations_iPad = "UIInterfaceOrientationPortrait UIInterfaceOrientationPortraitUpsideDown UIInterfaceOrientationLandscapeLeft UIInterfaceOrientationLandscapeRight";
				INFOPLIST_KEY_UISupportedInterfaceOrientations_iPhone = "UIInterfaceOrientationPortrait UIInterfaceOrientationLandscapeLeft UIInterfaceOrientationLandscapeRight";
				LD_RUNPATH_SEARCH_PATHS = (
					"$(inherited)",
					"@executable_path/Frameworks",
				);
				MARKETING_VERSION = 1.0;
				PRODUCT_BUNDLE_IDENTIFIER = "Course.ToDo-Lists";
				PRODUCT_NAME = "$(TARGET_NAME)";
				SWIFT_EMIT_LOC_STRINGS = YES;
				SWIFT_VERSION = 5.0;
				TARGETED_DEVICE_FAMILY = "1,2";
			};
			name = Debug;
		};
		9FEAAE20275412CF007F404B /* Release */ = {
			isa = XCBuildConfiguration;
			baseConfigurationReference = FF4E51C22B67115A2846BE0C /* Pods-ToDo Lists.release.xcconfig */;
			buildSettings = {
				ASSETCATALOG_COMPILER_APPICON_NAME = AppIcon;
				ASSETCATALOG_COMPILER_GLOBAL_ACCENT_COLOR_NAME = AccentColor;
				CODE_SIGN_STYLE = Automatic;
				CURRENT_PROJECT_VERSION = 1;
				GENERATE_INFOPLIST_FILE = YES;
				INFOPLIST_FILE = "ToDo Lists/Info.plist";
				INFOPLIST_KEY_UIApplicationSupportsIndirectInputEvents = YES;
				INFOPLIST_KEY_UILaunchStoryboardName = LaunchScreen;
				INFOPLIST_KEY_UIMainStoryboardFile = Main;
				INFOPLIST_KEY_UISupportedInterfaceOrientations_iPad = "UIInterfaceOrientationPortrait UIInterfaceOrientationPortraitUpsideDown UIInterfaceOrientationLandscapeLeft UIInterfaceOrientationLandscapeRight";
				INFOPLIST_KEY_UISupportedInterfaceOrientations_iPhone = "UIInterfaceOrientationPortrait UIInterfaceOrientationLandscapeLeft UIInterfaceOrientationLandscapeRight";
				LD_RUNPATH_SEARCH_PATHS = (
					"$(inherited)",
					"@executable_path/Frameworks",
				);
				MARKETING_VERSION = 1.0;
				PRODUCT_BUNDLE_IDENTIFIER = "Course.ToDo-Lists";
				PRODUCT_NAME = "$(TARGET_NAME)";
				SWIFT_EMIT_LOC_STRINGS = YES;
				SWIFT_VERSION = 5.0;
				TARGETED_DEVICE_FAMILY = "1,2";
			};
			name = Release;
		};
		9FEAAE22275412CF007F404B /* Debug */ = {
			isa = XCBuildConfiguration;
			baseConfigurationReference = 61E170028BB9517B94E18915 /* Pods-ToDo ListsTests.debug.xcconfig */;
			buildSettings = {
				ALWAYS_EMBED_SWIFT_STANDARD_LIBRARIES = YES;
				BUNDLE_LOADER = "$(TEST_HOST)";
				CODE_SIGN_STYLE = Automatic;
				CURRENT_PROJECT_VERSION = 1;
				GENERATE_INFOPLIST_FILE = YES;
				IPHONEOS_DEPLOYMENT_TARGET = 15.0;
				LD_RUNPATH_SEARCH_PATHS = (
					"$(inherited)",
					"@executable_path/Frameworks",
					"@loader_path/Frameworks",
				);
				MARKETING_VERSION = 1.0;
				PRODUCT_BUNDLE_IDENTIFIER = "Course.ToDo-ListsTests";
				PRODUCT_NAME = "$(TARGET_NAME)";
				SWIFT_EMIT_LOC_STRINGS = NO;
				SWIFT_VERSION = 5.0;
				TARGETED_DEVICE_FAMILY = "1,2";
				TEST_HOST = "$(BUILT_PRODUCTS_DIR)/ToDo Lists.app/ToDo Lists";
			};
			name = Debug;
		};
		9FEAAE23275412CF007F404B /* Release */ = {
			isa = XCBuildConfiguration;
			baseConfigurationReference = A05E27E090B7FF8AE1BF7E20 /* Pods-ToDo ListsTests.release.xcconfig */;
			buildSettings = {
				ALWAYS_EMBED_SWIFT_STANDARD_LIBRARIES = YES;
				BUNDLE_LOADER = "$(TEST_HOST)";
				CODE_SIGN_STYLE = Automatic;
				CURRENT_PROJECT_VERSION = 1;
				GENERATE_INFOPLIST_FILE = YES;
				IPHONEOS_DEPLOYMENT_TARGET = 15.0;
				LD_RUNPATH_SEARCH_PATHS = (
					"$(inherited)",
					"@executable_path/Frameworks",
					"@loader_path/Frameworks",
				);
				MARKETING_VERSION = 1.0;
				PRODUCT_BUNDLE_IDENTIFIER = "Course.ToDo-ListsTests";
				PRODUCT_NAME = "$(TARGET_NAME)";
				SWIFT_EMIT_LOC_STRINGS = NO;
				SWIFT_VERSION = 5.0;
				TARGETED_DEVICE_FAMILY = "1,2";
				TEST_HOST = "$(BUILT_PRODUCTS_DIR)/ToDo Lists.app/ToDo Lists";
			};
			name = Release;
		};
		9FEAAE25275412CF007F404B /* Debug */ = {
			isa = XCBuildConfiguration;
			baseConfigurationReference = 2F4530D7FA34121DAB5CB72C /* Pods-ToDo Lists-ToDo ListsUITests.debug.xcconfig */;
			buildSettings = {
				ALWAYS_EMBED_SWIFT_STANDARD_LIBRARIES = YES;
				CODE_SIGN_STYLE = Automatic;
				CURRENT_PROJECT_VERSION = 1;
				GENERATE_INFOPLIST_FILE = YES;
				LD_RUNPATH_SEARCH_PATHS = (
					"$(inherited)",
					"@executable_path/Frameworks",
					"@loader_path/Frameworks",
				);
				MARKETING_VERSION = 1.0;
				PRODUCT_BUNDLE_IDENTIFIER = "Course.ToDo-ListsUITests";
				PRODUCT_NAME = "$(TARGET_NAME)";
				SWIFT_EMIT_LOC_STRINGS = NO;
				SWIFT_VERSION = 5.0;
				TARGETED_DEVICE_FAMILY = "1,2";
				TEST_TARGET_NAME = "ToDo Lists";
			};
			name = Debug;
		};
		9FEAAE26275412CF007F404B /* Release */ = {
			isa = XCBuildConfiguration;
			baseConfigurationReference = 53EA9BF283CC5FC287C8B150 /* Pods-ToDo Lists-ToDo ListsUITests.release.xcconfig */;
			buildSettings = {
				ALWAYS_EMBED_SWIFT_STANDARD_LIBRARIES = YES;
				CODE_SIGN_STYLE = Automatic;
				CURRENT_PROJECT_VERSION = 1;
				GENERATE_INFOPLIST_FILE = YES;
				LD_RUNPATH_SEARCH_PATHS = (
					"$(inherited)",
					"@executable_path/Frameworks",
					"@loader_path/Frameworks",
				);
				MARKETING_VERSION = 1.0;
				PRODUCT_BUNDLE_IDENTIFIER = "Course.ToDo-ListsUITests";
				PRODUCT_NAME = "$(TARGET_NAME)";
				SWIFT_EMIT_LOC_STRINGS = NO;
				SWIFT_VERSION = 5.0;
				TARGETED_DEVICE_FAMILY = "1,2";
				TEST_TARGET_NAME = "ToDo Lists";
			};
			name = Release;
		};
/* End XCBuildConfiguration section */

/* Begin XCConfigurationList section */
		9FEAADEF275412CE007F404B /* Build configuration list for PBXProject "ToDo Lists" */ = {
			isa = XCConfigurationList;
			buildConfigurations = (
				9FEAAE1C275412CF007F404B /* Debug */,
				9FEAAE1D275412CF007F404B /* Release */,
			);
			defaultConfigurationIsVisible = 0;
			defaultConfigurationName = Release;
		};
		9FEAAE1E275412CF007F404B /* Build configuration list for PBXNativeTarget "ToDo Lists" */ = {
			isa = XCConfigurationList;
			buildConfigurations = (
				9FEAAE1F275412CF007F404B /* Debug */,
				9FEAAE20275412CF007F404B /* Release */,
			);
			defaultConfigurationIsVisible = 0;
			defaultConfigurationName = Release;
		};
		9FEAAE21275412CF007F404B /* Build configuration list for PBXNativeTarget "ToDo ListsTests" */ = {
			isa = XCConfigurationList;
			buildConfigurations = (
				9FEAAE22275412CF007F404B /* Debug */,
				9FEAAE23275412CF007F404B /* Release */,
			);
			defaultConfigurationIsVisible = 0;
			defaultConfigurationName = Release;
		};
		9FEAAE24275412CF007F404B /* Build configuration list for PBXNativeTarget "ToDo ListsUITests" */ = {
			isa = XCConfigurationList;
			buildConfigurations = (
				9FEAAE25275412CF007F404B /* Debug */,
				9FEAAE26275412CF007F404B /* Release */,
			);
			defaultConfigurationIsVisible = 0;
			defaultConfigurationName = Release;
		};
/* End XCConfigurationList section */

/* Begin XCVersionGroup section */
		9F2C8D322757C3330099CCE7 /* TodosModel.xcdatamodeld */ = {
			isa = XCVersionGroup;
			children = (
				9F2C8D332757C3330099CCE7 /* TodosModel.xcdatamodel */,
			);
			currentVersion = 9F2C8D332757C3330099CCE7 /* TodosModel.xcdatamodel */;
			path = TodosModel.xcdatamodeld;
			sourceTree = "<group>";
			versionGroupType = wrapper.xcdatamodel;
		};
/* End XCVersionGroup section */
	};
	rootObject = 9FEAADEC275412CE007F404B /* Project object */;
}
